
Microsoft Visual Studio Solution File, Format Version 12.00
# Visual Studio Version 17
VisualStudioVersion = 17.6.33712.159
MinimumVisualStudioVersion = 10.0.40219.1
Project("{FAE04EC0-301F-11D3-BF4B-00C04F79EFBC}") = "ScreenTranslator", "ScreenTranslator\ScreenTranslator.csproj", "{B19E6D82-4028-4257-9482-6EB95C1FAAB8}"
EndProject
Global
	GlobalSection(SolutionConfigurationPlatforms) = preSolution
		Debug|Any CPU = Debug|Any CPU
		Release|Any CPU = Release|Any CPU
	EndGlobalSection
	GlobalSection(ProjectConfigurationPlatforms) = postSolution
		{B19E6D82-4028-4257-9482-6EB95C1FAAB8}.Debug|Any CPU.ActiveCfg = Debug|Any CPU
		{B19E6D82-4028-4257-9482-6EB95C1FAAB8}.Debug|Any CPU.Build.0 = Debug|Any CPU
		{B19E6D82-4028-4257-9482-6EB95C1FAAB8}.Release|Any CPU.ActiveCfg = Release|Any CPU
		{B19E6D82-4028-4257-9482-6EB95C1FAAB8}.Release|Any CPU.Build.0 = Release|Any CPU
	EndGlobalSection
	GlobalSection(SolutionProperties) = preSolution
		HideSolutionNode = FALSE
	EndGlobalSection
	GlobalSection(ExtensibilityGlobals) = postSolution
		SolutionGuid = {E1F2877B-5126-46E4-B90F-BBEC1955AF30}
	EndGlobalSection
EndGlobal
